PODS:
  - SnapKit (5.7.1)
  - SwiftLint (0.55.1)

DEPENDENCIES:
  - SnapKit
  - SwiftLint

SPEC REPOS:
  trunk:
    - SnapKit
    - SwiftLint

SPEC CHECKSUMS:
  SnapKit: d612e99e678a2d3b95bf60b0705ed0a35c03484a
  SwiftLint: 3fe909719babe5537c552ee8181c0031392be933

PODFILE CHECKSUM: 846c6f8d05b77a29307502f2162169cd66524070

COCOAPODS: 1.15.2
