// !$*UTF8*$!
{
	archiveVersion = 1;
	classes = {
	};
	objectVersion = 56;
	objects = {

/* Begin PBXBuildFile section */
		AA36B74D153FAE536B133579 /* Pods_Neobis_iOS_WeatherApp.framework in Frameworks */ = {isa = PBXBuildFile; fileRef = E929F9494F481BFF96A82FEF /* Pods_Neobis_iOS_WeatherApp.framework */; };
		E2AE3BBC2C1C1E7D005C07E3 /* Extension.swift in Sources */ = {isa = PBXBuildFile; fileRef = E2AE3BBB2C1C1E7D005C07E3 /* Extension.swift */; };
		E2AE3BBE2C1C755D005C07E3 /* WeatherStateView.swift in Sources */ = {isa = PBXBuildFile; fileRef = E2AE3BBD2C1C755D005C07E3 /* WeatherStateView.swift */; };
		E2AE3BC22C1C8651005C07E3 /* WeatherCardView.swift in Sources */ = {isa = PBXBuildFile; fileRef = E2AE3BC12C1C8651005C07E3 /* WeatherCardView.swift */; };
		E2AE3BC52C1D6B71005C07E3 /* ButtonWithIcon.swift in Sources */ = {isa = PBXBuildFile; fileRef = E2AE3BC42C1D6B71005C07E3 /* ButtonWithIcon.swift */; };
		E2AE3BC72C1D6E25005C07E3 /* NavigationBarConfigurator.swift in Sources */ = {isa = PBXBuildFile; fileRef = E2AE3BC62C1D6E25005C07E3 /* NavigationBarConfigurator.swift */; };
		E2AE3BCB2C1D7D41005C07E3 /* CustomNavigationBar.swift in Sources */ = {isa = PBXBuildFile; fileRef = E2AE3BCA2C1D7D41005C07E3 /* CustomNavigationBar.swift */; };
		E2AE3BCD2C1D88D2005C07E3 /* DetailsView.swift in Sources */ = {isa = PBXBuildFile; fileRef = E2AE3BCC2C1D88D2005C07E3 /* DetailsView.swift */; };
		E2AE3BD22C1D9211005C07E3 /* WeatherManager.swift in Sources */ = {isa = PBXBuildFile; fileRef = E2AE3BD12C1D9211005C07E3 /* WeatherManager.swift */; };
		E2AE3BD42C1D9283005C07E3 /* WeatherIconModel.swift in Sources */ = {isa = PBXBuildFile; fileRef = E2AE3BD32C1D9283005C07E3 /* WeatherIconModel.swift */; };
		E2AE3BD62C1D9294005C07E3 /* WeatherData.swift in Sources */ = {isa = PBXBuildFile; fileRef = E2AE3BD52C1D9294005C07E3 /* WeatherData.swift */; };
		E2AE3BDA2C1D96DF005C07E3 /* MainModel.swift in Sources */ = {isa = PBXBuildFile; fileRef = E2AE3BD92C1D96DF005C07E3 /* MainModel.swift */; };
		E2AE3BDE2C1F64B5005C07E3 /* DayForecastCell.swift in Sources */ = {isa = PBXBuildFile; fileRef = E2AE3BDD2C1F64B5005C07E3 /* DayForecastCell.swift */; };
		E2AE3BE02C1F6532005C07E3 /* DayWeatherModel.swift in Sources */ = {isa = PBXBuildFile; fileRef = E2AE3BDF2C1F6532005C07E3 /* DayWeatherModel.swift */; };
		E2AE3BE32C1F71CB005C07E3 /* Constants.swift in Sources */ = {isa = PBXBuildFile; fileRef = E2AE3BE22C1F71CB005C07E3 /* Constants.swift */; };
		E2AE3BE52C1F737D005C07E3 /* AppLayouts.swift in Sources */ = {isa = PBXBuildFile; fileRef = E2AE3BE42C1F737D005C07E3 /* AppLayouts.swift */; };
		E2AE3BE72C1F7A5C005C07E3 /* WeekForecastCell.swift in Sources */ = {isa = PBXBuildFile; fileRef = E2AE3BE62C1F7A5C005C07E3 /* WeekForecastCell.swift */; };
		E2AE3BE92C1F7AB0005C07E3 /* WeekWeatherModel.swift in Sources */ = {isa = PBXBuildFile; fileRef = E2AE3BE82C1F7AB0005C07E3 /* WeekWeatherModel.swift */; };
		E2D2FF682C1A0EE500B8BDCB /* AppDelegate.swift in Sources */ = {isa = PBXBuildFile; fileRef = E2D2FF672C1A0EE500B8BDCB /* AppDelegate.swift */; };
		E2D2FF6A2C1A0EE500B8BDCB /* SceneDelegate.swift in Sources */ = {isa = PBXBuildFile; fileRef = E2D2FF692C1A0EE500B8BDCB /* SceneDelegate.swift */; };
		E2D2FF6C2C1A0EE500B8BDCB /* MainViewController.swift in Sources */ = {isa = PBXBuildFile; fileRef = E2D2FF6B2C1A0EE500B8BDCB /* MainViewController.swift */; };
		E2D2FF712C1A0EE700B8BDCB /* Assets.xcassets in Resources */ = {isa = PBXBuildFile; fileRef = E2D2FF702C1A0EE700B8BDCB /* Assets.xcassets */; };
		E2D2FF742C1A0EE700B8BDCB /* LaunchScreen.storyboard in Resources */ = {isa = PBXBuildFile; fileRef = E2D2FF722C1A0EE700B8BDCB /* LaunchScreen.storyboard */; };
		E2D2FF7E2C1AD64B00B8BDCB /* MainView.swift in Sources */ = {isa = PBXBuildFile; fileRef = E2D2FF7D2C1AD64A00B8BDCB /* MainView.swift */; };
		E2D2FF812C1AD6B200B8BDCB /* MainViewModel.swift in Sources */ = {isa = PBXBuildFile; fileRef = E2D2FF802C1AD6B200B8BDCB /* MainViewModel.swift */; };
		E2D2FF832C1AD72900B8BDCB /* WeatherForecastViewController.swift in Sources */ = {isa = PBXBuildFile; fileRef = E2D2FF822C1AD72900B8BDCB /* WeatherForecastViewController.swift */; };
		E2D2FF852C1AD73600B8BDCB /* SearchViewController.swift in Sources */ = {isa = PBXBuildFile; fileRef = E2D2FF842C1AD73600B8BDCB /* SearchViewController.swift */; };
/* End PBXBuildFile section */

/* Begin PBXFileReference section */
		171B54F090C1903841E2530A /* Pods-Neobis_iOS_WeatherApp.debug.xcconfig */ = {isa = PBXFileReference; includeInIndex = 1; lastKnownFileType = text.xcconfig; name = "Pods-Neobis_iOS_WeatherApp.debug.xcconfig"; path = "Target Support Files/Pods-Neobis_iOS_WeatherApp/Pods-Neobis_iOS_WeatherApp.debug.xcconfig"; sourceTree = "<group>"; };
		73543686B1BD1E05EB2268FB /* Pods-Neobis_iOS_WeatherApp.release.xcconfig */ = {isa = PBXFileReference; includeInIndex = 1; lastKnownFileType = text.xcconfig; name = "Pods-Neobis_iOS_WeatherApp.release.xcconfig"; path = "Target Support Files/Pods-Neobis_iOS_WeatherApp/Pods-Neobis_iOS_WeatherApp.release.xcconfig"; sourceTree = "<group>"; };
		E2AE3BBB2C1C1E7D005C07E3 /* Extension.swift */ = {isa = PBXFileReference; lastKnownFileType = sourcecode.swift; path = Extension.swift; sourceTree = "<group>"; };
		E2AE3BBD2C1C755D005C07E3 /* WeatherStateView.swift */ = {isa = PBXFileReference; lastKnownFileType = sourcecode.swift; path = WeatherStateView.swift; sourceTree = "<group>"; };
		E2AE3BC12C1C8651005C07E3 /* WeatherCardView.swift */ = {isa = PBXFileReference; lastKnownFileType = sourcecode.swift; path = WeatherCardView.swift; sourceTree = "<group>"; };
		E2AE3BC42C1D6B71005C07E3 /* ButtonWithIcon.swift */ = {isa = PBXFileReference; lastKnownFileType = sourcecode.swift; path = ButtonWithIcon.swift; sourceTree = "<group>"; };
		E2AE3BC62C1D6E25005C07E3 /* NavigationBarConfigurator.swift */ = {isa = PBXFileReference; lastKnownFileType = sourcecode.swift; path = NavigationBarConfigurator.swift; sourceTree = "<group>"; };
		E2AE3BCA2C1D7D41005C07E3 /* CustomNavigationBar.swift */ = {isa = PBXFileReference; lastKnownFileType = sourcecode.swift; path = CustomNavigationBar.swift; sourceTree = "<group>"; };
		E2AE3BCC2C1D88D2005C07E3 /* DetailsView.swift */ = {isa = PBXFileReference; lastKnownFileType = sourcecode.swift; path = DetailsView.swift; sourceTree = "<group>"; };
		E2AE3BD12C1D9211005C07E3 /* WeatherManager.swift */ = {isa = PBXFileReference; lastKnownFileType = sourcecode.swift; path = WeatherManager.swift; sourceTree = "<group>"; };
		E2AE3BD32C1D9283005C07E3 /* WeatherIconModel.swift */ = {isa = PBXFileReference; lastKnownFileType = sourcecode.swift; path = WeatherIconModel.swift; sourceTree = "<group>"; };
		E2AE3BD52C1D9294005C07E3 /* WeatherData.swift */ = {isa = PBXFileReference; lastKnownFileType = sourcecode.swift; path = WeatherData.swift; sourceTree = "<group>"; };
		E2AE3BD92C1D96DF005C07E3 /* MainModel.swift */ = {isa = PBXFileReference; lastKnownFileType = sourcecode.swift; path = MainModel.swift; sourceTree = "<group>"; };
		E2AE3BDD2C1F64B5005C07E3 /* DayForecastCell.swift */ = {isa = PBXFileReference; lastKnownFileType = sourcecode.swift; path = DayForecastCell.swift; sourceTree = "<group>"; };
		E2AE3BDF2C1F6532005C07E3 /* DayWeatherModel.swift */ = {isa = PBXFileReference; lastKnownFileType = sourcecode.swift; path = DayWeatherModel.swift; sourceTree = "<group>"; };
		E2AE3BE22C1F71CB005C07E3 /* Constants.swift */ = {isa = PBXFileReference; lastKnownFileType = sourcecode.swift; path = Constants.swift; sourceTree = "<group>"; };
		E2AE3BE42C1F737D005C07E3 /* AppLayouts.swift */ = {isa = PBXFileReference; lastKnownFileType = sourcecode.swift; path = AppLayouts.swift; sourceTree = "<group>"; };
		E2AE3BE62C1F7A5C005C07E3 /* WeekForecastCell.swift */ = {isa = PBXFileReference; lastKnownFileType = sourcecode.swift; path = WeekForecastCell.swift; sourceTree = "<group>"; };
		E2AE3BE82C1F7AB0005C07E3 /* WeekWeatherModel.swift */ = {isa = PBXFileReference; lastKnownFileType = sourcecode.swift; path = WeekWeatherModel.swift; sourceTree = "<group>"; };
		E2D2FF642C1A0EE400B8BDCB /* Neobis_iOS_WeatherApp.app */ = {isa = PBXFileReference; explicitFileType = wrapper.application; includeInIndex = 0; path = Neobis_iOS_WeatherApp.app; sourceTree = BUILT_PRODUCTS_DIR; };
		E2D2FF672C1A0EE500B8BDCB /* AppDelegate.swift */ = {isa = PBXFileReference; lastKnownFileType = sourcecode.swift; path = AppDelegate.swift; sourceTree = "<group>"; };
		E2D2FF692C1A0EE500B8BDCB /* SceneDelegate.swift */ = {isa = PBXFileReference; lastKnownFileType = sourcecode.swift; path = SceneDelegate.swift; sourceTree = "<group>"; };
		E2D2FF6B2C1A0EE500B8BDCB /* MainViewController.swift */ = {isa = PBXFileReference; lastKnownFileType = sourcecode.swift; path = MainViewController.swift; sourceTree = "<group>"; };
		E2D2FF702C1A0EE700B8BDCB /* Assets.xcassets */ = {isa = PBXFileReference; lastKnownFileType = folder.assetcatalog; path = Assets.xcassets; sourceTree = "<group>"; };
		E2D2FF732C1A0EE700B8BDCB /* Base */ = {isa = PBXFileReference; lastKnownFileType = file.storyboard; name = Base; path = Base.lproj/LaunchScreen.storyboard; sourceTree = "<group>"; };
		E2D2FF752C1A0EE700B8BDCB /* Info.plist */ = {isa = PBXFileReference; lastKnownFileType = text.plist.xml; path = Info.plist; sourceTree = "<group>"; };
		E2D2FF7D2C1AD64A00B8BDCB /* MainView.swift */ = {isa = PBXFileReference; lastKnownFileType = sourcecode.swift; path = MainView.swift; sourceTree = "<group>"; };
		E2D2FF802C1AD6B200B8BDCB /* MainViewModel.swift */ = {isa = PBXFileReference; lastKnownFileType = sourcecode.swift; path = MainViewModel.swift; sourceTree = "<group>"; };
		E2D2FF822C1AD72900B8BDCB /* WeatherForecastViewController.swift */ = {isa = PBXFileReference; lastKnownFileType = sourcecode.swift; path = WeatherForecastViewController.swift; sourceTree = "<group>"; };
		E2D2FF842C1AD73600B8BDCB /* SearchViewController.swift */ = {isa = PBXFileReference; lastKnownFileType = sourcecode.swift; path = SearchViewController.swift; sourceTree = "<group>"; };
		E929F9494F481BFF96A82FEF /* Pods_Neobis_iOS_WeatherApp.framework */ = {isa = PBXFileReference; explicitFileType = wrapper.framework; includeInIndex = 0; path = Pods_Neobis_iOS_WeatherApp.framework; sourceTree = BUILT_PRODUCTS_DIR; };
/* End PBXFileReference section */

/* Begin PBXFrameworksBuildPhase section */
		E2D2FF612C1A0EE400B8BDCB /* Frameworks */ = {
			isa = PBXFrameworksBuildPhase;
			buildActionMask = 2147483647;
			files = (
				AA36B74D153FAE536B133579 /* Pods_Neobis_iOS_WeatherApp.framework in Frameworks */,
			);
			runOnlyForDeploymentPostprocessing = 0;
		};
/* End PBXFrameworksBuildPhase section */

/* Begin PBXGroup section */
		29C092E21E4B926BD98DAFCD /* Frameworks */ = {
			isa = PBXGroup;
			children = (
				E929F9494F481BFF96A82FEF /* Pods_Neobis_iOS_WeatherApp.framework */,
			);
			name = Frameworks;
			sourceTree = "<group>";
		};
		6CC1FD21A3F4F58BD36EF3DA /* Pods */ = {
			isa = PBXGroup;
			children = (
				171B54F090C1903841E2530A /* Pods-Neobis_iOS_WeatherApp.debug.xcconfig */,
				73543686B1BD1E05EB2268FB /* Pods-Neobis_iOS_WeatherApp.release.xcconfig */,
			);
			path = Pods;
			sourceTree = "<group>";
		};
		E2AE3BBA2C1C1E72005C07E3 /* Utilities */ = {
			isa = PBXGroup;
			children = (
				E2AE3BBB2C1C1E7D005C07E3 /* Extension.swift */,
			);
			path = Utilities;
			sourceTree = "<group>";
		};
		E2AE3BCE2C1D88F5005C07E3 /* Button */ = {
			isa = PBXGroup;
			children = (
				E2AE3BC42C1D6B71005C07E3 /* ButtonWithIcon.swift */,
			);
			path = Button;
			sourceTree = "<group>";
		};
		E2AE3BCF2C1D8903005C07E3 /* Details */ = {
			isa = PBXGroup;
			children = (
				E2AE3BBD2C1C755D005C07E3 /* WeatherStateView.swift */,
				E2AE3BC12C1C8651005C07E3 /* WeatherCardView.swift */,
			);
			path = Details;
			sourceTree = "<group>";
		};
		E2AE3BD02C1D91FF005C07E3 /* Model */ = {
			isa = PBXGroup;
			children = (
				E2AE3BD72C1D929B005C07E3 /* JSON */,
				E2AE3BD12C1D9211005C07E3 /* WeatherManager.swift */,
			);
			path = Model;
			sourceTree = "<group>";
		};
		E2AE3BD72C1D929B005C07E3 /* JSON */ = {
			isa = PBXGroup;
			children = (
				E2AE3BD52C1D9294005C07E3 /* WeatherData.swift */,
			);
			path = JSON;
			sourceTree = "<group>";
		};
		E2AE3BD82C1D9304005C07E3 /* ViewController */ = {
			isa = PBXGroup;
			children = (
				E2D2FF842C1AD73600B8BDCB /* SearchViewController.swift */,
			);
			path = ViewController;
			sourceTree = "<group>";
		};
		E2AE3BDB2C1DC7EA005C07E3 /* MainScreen */ = {
			isa = PBXGroup;
			children = (
				E2D2FF6B2C1A0EE500B8BDCB /* MainViewController.swift */,
				E2AE3BD92C1D96DF005C07E3 /* MainModel.swift */,
				E2D2FF802C1AD6B200B8BDCB /* MainViewModel.swift */,
				E2D2FF7D2C1AD64A00B8BDCB /* MainView.swift */,
				E2AE3BD32C1D9283005C07E3 /* WeatherIconModel.swift */,
			);
			path = MainScreen;
			sourceTree = "<group>";
		};
		E2AE3BDC2C1F63FC005C07E3 /* WeatherForecastScreen */ = {
			isa = PBXGroup;
			children = (
				E2D2FF822C1AD72900B8BDCB /* WeatherForecastViewController.swift */,
				E2AE3BDD2C1F64B5005C07E3 /* DayForecastCell.swift */,
				E2AE3BDF2C1F6532005C07E3 /* DayWeatherModel.swift */,
				E2AE3BE22C1F71CB005C07E3 /* Constants.swift */,
				E2AE3BE42C1F737D005C07E3 /* AppLayouts.swift */,
				E2AE3BE62C1F7A5C005C07E3 /* WeekForecastCell.swift */,
				E2AE3BE82C1F7AB0005C07E3 /* WeekWeatherModel.swift */,
			);
			path = WeatherForecastScreen;
			sourceTree = "<group>";
		};
		E2D2FF5B2C1A0EE400B8BDCB = {
			isa = PBXGroup;
			children = (
				E2D2FF662C1A0EE500B8BDCB /* Neobis_iOS_WeatherApp */,
				E2D2FF652C1A0EE400B8BDCB /* Products */,
				6CC1FD21A3F4F58BD36EF3DA /* Pods */,
				29C092E21E4B926BD98DAFCD /* Frameworks */,
			);
			sourceTree = "<group>";
		};
		E2D2FF652C1A0EE400B8BDCB /* Products */ = {
			isa = PBXGroup;
			children = (
				E2D2FF642C1A0EE400B8BDCB /* Neobis_iOS_WeatherApp.app */,
			);
			name = Products;
			sourceTree = "<group>";
		};
		E2D2FF662C1A0EE500B8BDCB /* Neobis_iOS_WeatherApp */ = {
			isa = PBXGroup;
			children = (
				E2AE3BDC2C1F63FC005C07E3 /* WeatherForecastScreen */,
				E2AE3BDB2C1DC7EA005C07E3 /* MainScreen */,
				E2AE3BD02C1D91FF005C07E3 /* Model */,
				E2D2FF7F2C1AD6A700B8BDCB /* ViewModel */,
				E2D2FF7C2C1AAF9600B8BDCB /* View */,
				E2AE3BD82C1D9304005C07E3 /* ViewController */,
				E2D2FF7B2C1A16C600B8BDCB /* Support */,
				E2AE3BBA2C1C1E72005C07E3 /* Utilities */,
				E2D2FF752C1A0EE700B8BDCB /* Info.plist */,
			);
			path = Neobis_iOS_WeatherApp;
			sourceTree = "<group>";
		};
		E2D2FF7B2C1A16C600B8BDCB /* Support */ = {
			isa = PBXGroup;
			children = (
				E2D2FF702C1A0EE700B8BDCB /* Assets.xcassets */,
				E2D2FF722C1A0EE700B8BDCB /* LaunchScreen.storyboard */,
				E2D2FF672C1A0EE500B8BDCB /* AppDelegate.swift */,
				E2D2FF692C1A0EE500B8BDCB /* SceneDelegate.swift */,
			);
			path = Support;
			sourceTree = "<group>";
		};
		E2D2FF7C2C1AAF9600B8BDCB /* View */ = {
			isa = PBXGroup;
			children = (
				E2AE3BCF2C1D8903005C07E3 /* Details */,
				E2AE3BCE2C1D88F5005C07E3 /* Button */,
				E2AE3BCA2C1D7D41005C07E3 /* CustomNavigationBar.swift */,
				E2AE3BCC2C1D88D2005C07E3 /* DetailsView.swift */,
			);
			path = View;
			sourceTree = "<group>";
		};
		E2D2FF7F2C1AD6A700B8BDCB /* ViewModel */ = {
			isa = PBXGroup;
			children = (
				E2AE3BC62C1D6E25005C07E3 /* NavigationBarConfigurator.swift */,
			);
			path = ViewModel;
			sourceTree = "<group>";
		};
/* End PBXGroup section */

/* Begin PBXNativeTarget section */
		E2D2FF632C1A0EE400B8BDCB /* Neobis_iOS_WeatherApp */ = {
			isa = PBXNativeTarget;
			buildConfigurationList = E2D2FF782C1A0EE700B8BDCB /* Build configuration list for PBXNativeTarget "Neobis_iOS_WeatherApp" */;
			buildPhases = (
				78E7CE6AAF40A23CC3F92039 /* [CP] Check Pods Manifest.lock */,
				E2D2FF602C1A0EE400B8BDCB /* Sources */,
				E2D2FF612C1A0EE400B8BDCB /* Frameworks */,
				E2D2FF622C1A0EE400B8BDCB /* Resources */,
				F24418B732652E5FA2EF338E /* [CP] Embed Pods Frameworks */,
			);
			buildRules = (
			);
			dependencies = (
			);
			name = Neobis_iOS_WeatherApp;
			productName = Neobis_iOS_WeatherApp;
			productReference = E2D2FF642C1A0EE400B8BDCB /* Neobis_iOS_WeatherApp.app */;
			productType = "com.apple.product-type.application";
		};
/* End PBXNativeTarget section */

/* Begin PBXProject section */
		E2D2FF5C2C1A0EE400B8BDCB /* Project object */ = {
			isa = PBXProject;
			attributes = {
				BuildIndependentTargetsInParallel = 1;
				LastSwiftUpdateCheck = 1520;
				LastUpgradeCheck = 1520;
				TargetAttributes = {
					E2D2FF632C1A0EE400B8BDCB = {
						CreatedOnToolsVersion = 15.2;
					};
				};
			};
			buildConfigurationList = E2D2FF5F2C1A0EE400B8BDCB /* Build configuration list for PBXProject "Neobis_iOS_WeatherApp" */;
			compatibilityVersion = "Xcode 14.0";
			developmentRegion = en;
			hasScannedForEncodings = 0;
			knownRegions = (
				en,
				Base,
			);
			mainGroup = E2D2FF5B2C1A0EE400B8BDCB;
			productRefGroup = E2D2FF652C1A0EE400B8BDCB /* Products */;
			projectDirPath = "";
			projectRoot = "";
			targets = (
				E2D2FF632C1A0EE400B8BDCB /* Neobis_iOS_WeatherApp */,
			);
		};
/* End PBXProject section */

/* Begin PBXResourcesBuildPhase section */
		E2D2FF622C1A0EE400B8BDCB /* Resources */ = {
			isa = PBXResourcesBuildPhase;
			buildActionMask = 2147483647;
			files = (
				E2D2FF742C1A0EE700B8BDCB /* LaunchScreen.storyboard in Resources */,
				E2D2FF712C1A0EE700B8BDCB /* Assets.xcassets in Resources */,
			);
			runOnlyForDeploymentPostprocessing = 0;
		};
/* End PBXResourcesBuildPhase section */

/* Begin PBXShellScriptBuildPhase section */
		78E7CE6AAF40A23CC3F92039 /* [CP] Check Pods Manifest.lock */ = {
			isa = PBXShellScriptBuildPhase;
			buildActionMask = 2147483647;
			files = (
			);
			inputFileListPaths = (
			);
			inputPaths = (
				"${PODS_PODFILE_DIR_PATH}/Podfile.lock",
				"${PODS_ROOT}/Manifest.lock",
			);
			name = "[CP] Check Pods Manifest.lock";
			outputFileListPaths = (
			);
			outputPaths = (
				"$(DERIVED_FILE_DIR)/Pods-Neobis_iOS_WeatherApp-checkManifestLockResult.txt",
			);
			runOnlyForDeploymentPostprocessing = 0;
			shellPath = /bin/sh;
			shellScript = "diff \"${PODS_PODFILE_DIR_PATH}/Podfile.lock\" \"${PODS_ROOT}/Manifest.lock\" > /dev/null\nif [ $? != 0 ] ; then\n    # print error to STDERR\n    echo \"error: The sandbox is not in sync with the Podfile.lock. Run 'pod install' or update your CocoaPods installation.\" >&2\n    exit 1\nfi\n# This output is used by Xcode 'outputs' to avoid re-running this script phase.\necho \"SUCCESS\" > \"${SCRIPT_OUTPUT_FILE_0}\"\n";
			showEnvVarsInLog = 0;
		};
		F24418B732652E5FA2EF338E /* [CP] Embed Pods Frameworks */ = {
			isa = PBXShellScriptBuildPhase;
			buildActionMask = 2147483647;
			files = (
			);
			inputFileListPaths = (
				"${PODS_ROOT}/Target Support Files/Pods-Neobis_iOS_WeatherApp/Pods-Neobis_iOS_WeatherApp-frameworks-${CONFIGURATION}-input-files.xcfilelist",
			);
			name = "[CP] Embed Pods Frameworks";
			outputFileListPaths = (
				"${PODS_ROOT}/Target Support Files/Pods-Neobis_iOS_WeatherApp/Pods-Neobis_iOS_WeatherApp-frameworks-${CONFIGURATION}-output-files.xcfilelist",
			);
			runOnlyForDeploymentPostprocessing = 0;
			shellPath = /bin/sh;
			shellScript = "\"${PODS_ROOT}/Target Support Files/Pods-Neobis_iOS_WeatherApp/Pods-Neobis_iOS_WeatherApp-frameworks.sh\"\n";
			showEnvVarsInLog = 0;
		};
/* End PBXShellScriptBuildPhase section */

/* Begin PBXSourcesBuildPhase section */
		E2D2FF602C1A0EE400B8BDCB /* Sources */ = {
			isa = PBXSourcesBuildPhase;
			buildActionMask = 2147483647;
			files = (
				E2AE3BDE2C1F64B5005C07E3 /* DayForecastCell.swift in Sources */,
				E2D2FF812C1AD6B200B8BDCB /* MainViewModel.swift in Sources */,
				E2AE3BE72C1F7A5C005C07E3 /* WeekForecastCell.swift in Sources */,
				E2AE3BE32C1F71CB005C07E3 /* Constants.swift in Sources */,
				E2AE3BCD2C1D88D2005C07E3 /* DetailsView.swift in Sources */,
				E2AE3BE02C1F6532005C07E3 /* DayWeatherModel.swift in Sources */,
				E2D2FF852C1AD73600B8BDCB /* SearchViewController.swift in Sources */,
				E2D2FF6C2C1A0EE500B8BDCB /* MainViewController.swift in Sources */,
				E2AE3BBE2C1C755D005C07E3 /* WeatherStateView.swift in Sources */,
				E2D2FF7E2C1AD64B00B8BDCB /* MainView.swift in Sources */,
				E2AE3BCB2C1D7D41005C07E3 /* CustomNavigationBar.swift in Sources */,
				E2D2FF832C1AD72900B8BDCB /* WeatherForecastViewController.swift in Sources */,
				E2AE3BE52C1F737D005C07E3 /* AppLayouts.swift in Sources */,
				E2D2FF682C1A0EE500B8BDCB /* AppDelegate.swift in Sources */,
				E2AE3BE92C1F7AB0005C07E3 /* WeekWeatherModel.swift in Sources */,
				E2D2FF6A2C1A0EE500B8BDCB /* SceneDelegate.swift in Sources */,
				E2AE3BBC2C1C1E7D005C07E3 /* Extension.swift in Sources */,
				E2AE3BC52C1D6B71005C07E3 /* ButtonWithIcon.swift in Sources */,
				E2AE3BD22C1D9211005C07E3 /* WeatherManager.swift in Sources */,
				E2AE3BD62C1D9294005C07E3 /* WeatherData.swift in Sources */,
				E2AE3BDA2C1D96DF005C07E3 /* MainModel.swift in Sources */,
				E2AE3BC22C1C8651005C07E3 /* WeatherCardView.swift in Sources */,
				E2AE3BD42C1D9283005C07E3 /* WeatherIconModel.swift in Sources */,
				E2AE3BC72C1D6E25005C07E3 /* NavigationBarConfigurator.swift in Sources */,
			);
			runOnlyForDeploymentPostprocessing = 0;
		};
/* End PBXSourcesBuildPhase section */

/* Begin PBXVariantGroup section */
		E2D2FF722C1A0EE700B8BDCB /* LaunchScreen.storyboard */ = {
			isa = PBXVariantGroup;
			children = (
				E2D2FF732C1A0EE700B8BDCB /* Base */,
			);
			name = LaunchScreen.storyboard;
			sourceTree = "<group>";
		};
/* End PBXVariantGroup section */

/* Begin XCBuildConfiguration section */
		E2D2FF762C1A0EE700B8BDCB /* Debug */ = {
			isa = XCBuildConfiguration;
			buildSettings = {
				ALWAYS_SEARCH_USER_PATHS = NO;
				ASSETCATALOG_COMPILER_GENERATE_SWIFT_ASSET_SYMBOL_EXTENSIONS = YES;
				CLANG_ANALYZER_NONNULL = YES;
				CLANG_ANALYZER_NUMBER_OBJECT_CONVERSION = YES_AGGRESSIVE;
				CLANG_CXX_LANGUAGE_STANDARD = "gnu++20";
				CLANG_ENABLE_MODULES = YES;
				CLANG_ENABLE_OBJC_ARC = YES;
				CLANG_ENABLE_OBJC_WEAK = YES;
				CLANG_WARN_BLOCK_CAPTURE_AUTORELEASING = YES;
				CLANG_WARN_BOOL_CONVERSION = YES;
				CLANG_WARN_COMMA = YES;
				CLANG_WARN_CONSTANT_CONVERSION = YES;
				CLANG_WARN_DEPRECATED_OBJC_IMPLEMENTATIONS = YES;
				CLANG_WARN_DIRECT_OBJC_ISA_USAGE = YES_ERROR;
				CLANG_WARN_DOCUMENTATION_COMMENTS = YES;
				CLANG_WARN_EMPTY_BODY = YES;
				CLANG_WARN_ENUM_CONVERSION = YES;
				CLANG_WARN_INFINITE_RECURSION = YES;
				CLANG_WARN_INT_CONVERSION = YES;
				CLANG_WARN_NON_LITERAL_NULL_CONVERSION = YES;
				CLANG_WARN_OBJC_IMPLICIT_RETAIN_SELF = YES;
				CLANG_WARN_OBJC_LITERAL_CONVERSION = YES;
				CLANG_WARN_OBJC_ROOT_CLASS = YES_ERROR;
				CLANG_WARN_QUOTED_INCLUDE_IN_FRAMEWORK_HEADER = YES;
				CLANG_WARN_RANGE_LOOP_ANALYSIS = YES;
				CLANG_WARN_STRICT_PROTOTYPES = YES;
				CLANG_WARN_SUSPICIOUS_MOVE = YES;
				CLANG_WARN_UNGUARDED_AVAILABILITY = YES_AGGRESSIVE;
				CLANG_WARN_UNREACHABLE_CODE = YES;
				CLANG_WARN__DUPLICATE_METHOD_MATCH = YES;
				COPY_PHASE_STRIP = NO;
				DEBUG_INFORMATION_FORMAT = dwarf;
				ENABLE_STRICT_OBJC_MSGSEND = YES;
				ENABLE_TESTABILITY = YES;
				ENABLE_USER_SCRIPT_SANDBOXING = YES;
				GCC_C_LANGUAGE_STANDARD = gnu17;
				GCC_DYNAMIC_NO_PIC = NO;
				GCC_NO_COMMON_BLOCKS = YES;
				GCC_OPTIMIZATION_LEVEL = 0;
				GCC_PREPROCESSOR_DEFINITIONS = (
					"DEBUG=1",
					"$(inherited)",
				);
				GCC_WARN_64_TO_32_BIT_CONVERSION = YES;
				GCC_WARN_ABOUT_RETURN_TYPE = YES_ERROR;
				GCC_WARN_UNDECLARED_SELECTOR = YES;
				GCC_WARN_UNINITIALIZED_AUTOS = YES_AGGRESSIVE;
				GCC_WARN_UNUSED_FUNCTION = YES;
				GCC_WARN_UNUSED_VARIABLE = YES;
				IPHONEOS_DEPLOYMENT_TARGET = 17.2;
				LOCALIZATION_PREFERS_STRING_CATALOGS = YES;
				MTL_ENABLE_DEBUG_INFO = INCLUDE_SOURCE;
				MTL_FAST_MATH = YES;
				ONLY_ACTIVE_ARCH = YES;
				SDKROOT = iphoneos;
				SWIFT_ACTIVE_COMPILATION_CONDITIONS = "DEBUG $(inherited)";
				SWIFT_OPTIMIZATION_LEVEL = "-Onone";
			};
			name = Debug;
		};
		E2D2FF772C1A0EE700B8BDCB /* Release */ = {
			isa = XCBuildConfiguration;
			buildSettings = {
				ALWAYS_SEARCH_USER_PATHS = NO;
				ASSETCATALOG_COMPILER_GENERATE_SWIFT_ASSET_SYMBOL_EXTENSIONS = YES;
				CLANG_ANALYZER_NONNULL = YES;
				CLANG_ANALYZER_NUMBER_OBJECT_CONVERSION = YES_AGGRESSIVE;
				CLANG_CXX_LANGUAGE_STANDARD = "gnu++20";
				CLANG_ENABLE_MODULES = YES;
				CLANG_ENABLE_OBJC_ARC = YES;
				CLANG_ENABLE_OBJC_WEAK = YES;
				CLANG_WARN_BLOCK_CAPTURE_AUTORELEASING = YES;
				CLANG_WARN_BOOL_CONVERSION = YES;
				CLANG_WARN_COMMA = YES;
				CLANG_WARN_CONSTANT_CONVERSION = YES;
				CLANG_WARN_DEPRECATED_OBJC_IMPLEMENTATIONS = YES;
				CLANG_WARN_DIRECT_OBJC_ISA_USAGE = YES_ERROR;
				CLANG_WARN_DOCUMENTATION_COMMENTS = YES;
				CLANG_WARN_EMPTY_BODY = YES;
				CLANG_WARN_ENUM_CONVERSION = YES;
				CLANG_WARN_INFINITE_RECURSION = YES;
				CLANG_WARN_INT_CONVERSION = YES;
				CLANG_WARN_NON_LITERAL_NULL_CONVERSION = YES;
				CLANG_WARN_OBJC_IMPLICIT_RETAIN_SELF = YES;
				CLANG_WARN_OBJC_LITERAL_CONVERSION = YES;
				CLANG_WARN_OBJC_ROOT_CLASS = YES_ERROR;
				CLANG_WARN_QUOTED_INCLUDE_IN_FRAMEWORK_HEADER = YES;
				CLANG_WARN_RANGE_LOOP_ANALYSIS = YES;
				CLANG_WARN_STRICT_PROTOTYPES = YES;
				CLANG_WARN_SUSPICIOUS_MOVE = YES;
				CLANG_WARN_UNGUARDED_AVAILABILITY = YES_AGGRESSIVE;
				CLANG_WARN_UNREACHABLE_CODE = YES;
				CLANG_WARN__DUPLICATE_METHOD_MATCH = YES;
				COPY_PHASE_STRIP = NO;
				DEBUG_INFORMATION_FORMAT = "dwarf-with-dsym";
				ENABLE_NS_ASSERTIONS = NO;
				ENABLE_STRICT_OBJC_MSGSEND = YES;
				ENABLE_USER_SCRIPT_SANDBOXING = YES;
				GCC_C_LANGUAGE_STANDARD = gnu17;
				GCC_NO_COMMON_BLOCKS = YES;
				GCC_WARN_64_TO_32_BIT_CONVERSION = YES;
				GCC_WARN_ABOUT_RETURN_TYPE = YES_ERROR;
				GCC_WARN_UNDECLARED_SELECTOR = YES;
				GCC_WARN_UNINITIALIZED_AUTOS = YES_AGGRESSIVE;
				GCC_WARN_UNUSED_FUNCTION = YES;
				GCC_WARN_UNUSED_VARIABLE = YES;
				IPHONEOS_DEPLOYMENT_TARGET = 17.2;
				LOCALIZATION_PREFERS_STRING_CATALOGS = YES;
				MTL_ENABLE_DEBUG_INFO = NO;
				MTL_FAST_MATH = YES;
				SDKROOT = iphoneos;
				SWIFT_COMPILATION_MODE = wholemodule;
				VALIDATE_PRODUCT = YES;
			};
			name = Release;
		};
		E2D2FF792C1A0EE700B8BDCB /* Debug */ = {
			isa = XCBuildConfiguration;
			baseConfigurationReference = 171B54F090C1903841E2530A /* Pods-Neobis_iOS_WeatherApp.debug.xcconfig */;
			buildSettings = {
				ASSETCATALOG_COMPILER_APPICON_NAME = AppIcon;
				ASSETCATALOG_COMPILER_GLOBAL_ACCENT_COLOR_NAME = AccentColor;
				CODE_SIGN_STYLE = Automatic;
				CURRENT_PROJECT_VERSION = 1;
				DEVELOPMENT_TEAM = SD8XJ5V53F;
				ENABLE_USER_SCRIPT_SANDBOXING = NO;
				GENERATE_INFOPLIST_FILE = YES;
				INFOPLIST_FILE = Neobis_iOS_WeatherApp/Info.plist;
				INFOPLIST_KEY_UIApplicationSupportsIndirectInputEvents = YES;
				INFOPLIST_KEY_UILaunchStoryboardName = LaunchScreen;
				INFOPLIST_KEY_UISupportedInterfaceOrientations_iPad = "UIInterfaceOrientationPortrait UIInterfaceOrientationPortraitUpsideDown UIInterfaceOrientationLandscapeLeft UIInterfaceOrientationLandscapeRight";
				INFOPLIST_KEY_UISupportedInterfaceOrientations_iPhone = "UIInterfaceOrientationPortrait UIInterfaceOrientationLandscapeLeft UIInterfaceOrientationLandscapeRight";
				LD_RUNPATH_SEARCH_PATHS = (
					"$(inherited)",
					"@executable_path/Frameworks",
				);
				MARKETING_VERSION = 1.0;
				PRODUCT_BUNDLE_IDENTIFIER = "Aida-Abdirakhman.Neobis-iOS-WeatherApp";
				PRODUCT_NAME = "$(TARGET_NAME)";
				SWIFT_EMIT_LOC_STRINGS = YES;
				SWIFT_VERSION = 5.0;
				TARGETED_DEVICE_FAMILY = "1,2";
			};
			name = Debug;
		};
		E2D2FF7A2C1A0EE700B8BDCB /* Release */ = {
			isa = XCBuildConfiguration;
			baseConfigurationReference = 73543686B1BD1E05EB2268FB /* Pods-Neobis_iOS_WeatherApp.release.xcconfig */;
			buildSettings = {
				ASSETCATALOG_COMPILER_APPICON_NAME = AppIcon;
				ASSETCATALOG_COMPILER_GLOBAL_ACCENT_COLOR_NAME = AccentColor;
				CODE_SIGN_STYLE = Automatic;
				CURRENT_PROJECT_VERSION = 1;
				DEVELOPMENT_TEAM = SD8XJ5V53F;
				ENABLE_USER_SCRIPT_SANDBOXING = NO;
				GENERATE_INFOPLIST_FILE = YES;
				INFOPLIST_FILE = Neobis_iOS_WeatherApp/Info.plist;
				INFOPLIST_KEY_UIApplicationSupportsIndirectInputEvents = YES;
				INFOPLIST_KEY_UILaunchStoryboardName = LaunchScreen;
				INFOPLIST_KEY_UISupportedInterfaceOrientations_iPad = "UIInterfaceOrientationPortrait UIInterfaceOrientationPortraitUpsideDown UIInterfaceOrientationLandscapeLeft UIInterfaceOrientationLandscapeRight";
				INFOPLIST_KEY_UISupportedInterfaceOrientations_iPhone = "UIInterfaceOrientationPortrait UIInterfaceOrientationLandscapeLeft UIInterfaceOrientationLandscapeRight";
				LD_RUNPATH_SEARCH_PATHS = (
					"$(inherited)",
					"@executable_path/Frameworks",
				);
				MARKETING_VERSION = 1.0;
				PRODUCT_BUNDLE_IDENTIFIER = "Aida-Abdirakhman.Neobis-iOS-WeatherApp";
				PRODUCT_NAME = "$(TARGET_NAME)";
				SWIFT_EMIT_LOC_STRINGS = YES;
				SWIFT_VERSION = 5.0;
				TARGETED_DEVICE_FAMILY = "1,2";
			};
			name = Release;
		};
/* End XCBuildConfiguration section */

/* Begin XCConfigurationList section */
		E2D2FF5F2C1A0EE400B8BDCB /* Build configuration list for PBXProject "Neobis_iOS_WeatherApp" */ = {
			isa = XCConfigurationList;
			buildConfigurations = (
				E2D2FF762C1A0EE700B8BDCB /* Debug */,
				E2D2FF772C1A0EE700B8BDCB /* Release */,
			);
			defaultConfigurationIsVisible = 0;
			defaultConfigurationName = Release;
		};
		E2D2FF782C1A0EE700B8BDCB /* Build configuration list for PBXNativeTarget "Neobis_iOS_WeatherApp" */ = {
			isa = XCConfigurationList;
			buildConfigurations = (
				E2D2FF792C1A0EE700B8BDCB /* Debug */,
				E2D2FF7A2C1A0EE700B8BDCB /* Release */,
			);
			defaultConfigurationIsVisible = 0;
			defaultConfigurationName = Release;
		};
/* End XCConfigurationList section */
	};
	rootObject = E2D2FF5C2C1A0EE400B8BDCB /* Project object */;
}
